// !$*UTF8*$!
{
	archiveVersion = 1;
	classes = {
	};
	objectVersion = 46;
	objects = {

/* Begin PBXBuildFile section */
		EBA6EB3A19DFA13200ABD725 /* AppDelegate.swift in Sources */ = {isa = PBXBuildFile; fileRef = EBA6EB3919DFA13200ABD725 /* AppDelegate.swift */; };
		EBA6EB3C19DFA13200ABD725 /* ViewController.swift in Sources */ = {isa = PBXBuildFile; fileRef = EBA6EB3B19DFA13200ABD725 /* ViewController.swift */; };
		EBA6EB3F19DFA13200ABD725 /* Main.storyboard in Resources */ = {isa = PBXBuildFile; fileRef = EBA6EB3D19DFA13200ABD725 /* Main.storyboard */; };
		EBA6EB4119DFA13200ABD725 /* Images.xcassets in Resources */ = {isa = PBXBuildFile; fileRef = EBA6EB4019DFA13200ABD725 /* Images.xcassets */; };
		EBA6EB4419DFA13200ABD725 /* LaunchScreen.xib in Resources */ = {isa = PBXBuildFile; fileRef = EBA6EB4219DFA13200ABD725 /* LaunchScreen.xib */; };
		EBA6EB5019DFA13200ABD725 /* PostcardTests.swift in Sources */ = {isa = PBXBuildFile; fileRef = EBA6EB4F19DFA13200ABD725 /* PostcardTests.swift */; };
		EBA6EB5A19DFA40300ABD725 /* SagradaFamilia.jpeg in Resources */ = {isa = PBXBuildFile; fileRef = EBA6EB5919DFA40300ABD725 /* SagradaFamilia.jpeg */; };
		EBA6EB5C19E065B400ABD725 /* SagradaFamilia1080x1920.jpg in Resources */ = {isa = PBXBuildFile; fileRef = EBA6EB5B19E065B400ABD725 /* SagradaFamilia1080x1920.jpg */; };
		EBA6EB5E19E09E8900ABD725 /* AlbertEinsteinStamp.jpg in Resources */ = {isa = PBXBuildFile; fileRef = EBA6EB5D19E09E8900ABD725 /* AlbertEinsteinStamp.jpg */; };
/* End PBXBuildFile section */

/* Begin PBXContainerItemProxy section */
		EBA6EB4A19DFA13200ABD725 /* PBXContainerItemProxy */ = {
			isa = PBXContainerItemProxy;
			containerPortal = EBA6EB2C19DFA13200ABD725 /* Project object */;
			proxyType = 1;
			remoteGlobalIDString = EBA6EB3319DFA13200ABD725;
			remoteInfo = Postcard;
		};
/* End PBXContainerItemProxy section */

/* Begin PBXFileReference section */
		EBA6EB3419DFA13200ABD725 /* Postcard.app */ = {isa = PBXFileReference; explicitFileType = wrapper.application; includeInIndex = 0; path = Postcard.app; sourceTree = BUILT_PRODUCTS_DIR; };
		EBA6EB3819DFA13200ABD725 /* Info.plist */ = {isa = PBXFileReference; lastKnownFileType = text.plist.xml; path = Info.plist; sourceTree = "<group>"; };
		EBA6EB3919DFA13200ABD725 /* AppDelegate.swift */ = {isa = PBXFileReference; lastKnownFileType = sourcecode.swift; path = AppDelegate.swift; sourceTree = "<group>"; };
		EBA6EB3B19DFA13200ABD725 /* ViewController.swift */ = {isa = PBXFileReference; lastKnownFileType = sourcecode.swift; path = ViewController.swift; sourceTree = "<group>"; };
		EBA6EB3E19DFA13200ABD725 /* Base */ = {isa = PBXFileReference; lastKnownFileType = file.storyboard; name = Base; path = Base.lproj/Main.storyboard; sourceTree = "<group>"; };
		EBA6EB4019DFA13200ABD725 /* Images.xcassets */ = {isa = PBXFileReference; lastKnownFileType = folder.assetcatalog; path = Images.xcassets; sourceTree = "<group>"; };
		EBA6EB4319DFA13200ABD725 /* Base */ = {isa = PBXFileReference; lastKnownFileType = file.xib; name = Base; path = Base.lproj/LaunchScreen.xib; sourceTree = "<group>"; };
		EBA6EB4919DFA13200ABD725 /* PostcardTests.xctest */ = {isa = PBXFileReference; explicitFileType = wrapper.cfbundle; includeInIndex = 0; path = PostcardTests.xctest; sourceTree = BUILT_PRODUCTS_DIR; };
		EBA6EB4E19DFA13200ABD725 /* Info.plist */ = {isa = PBXFileReference; lastKnownFileType = text.plist.xml; path = Info.plist; sourceTree = "<group>"; };
		EBA6EB4F19DFA13200ABD725 /* PostcardTests.swift */ = {isa = PBXFileReference; lastKnownFileType = sourcecode.swift; path = PostcardTests.swift; sourceTree = "<group>"; };
		EBA6EB5919DFA40300ABD725 /* SagradaFamilia.jpeg */ = {isa = PBXFileReference; lastKnownFileType = image.jpeg; path = SagradaFamilia.jpeg; sourceTree = "<group>"; };
		EBA6EB5B19E065B400ABD725 /* SagradaFamilia1080x1920.jpg */ = {isa = PBXFileReference; lastKnownFileType = image.jpeg; path = SagradaFamilia1080x1920.jpg; sourceTree = "<group>"; };
		EBA6EB5D19E09E8900ABD725 /* AlbertEinsteinStamp.jpg */ = {isa = PBXFileReference; lastKnownFileType = image.jpeg; path = AlbertEinsteinStamp.jpg; sourceTree = "<group>"; };
/* End PBXFileReference section */

/* Begin PBXFrameworksBuildPhase section */
		EBA6EB3119DFA13200ABD725 /* Frameworks */ = {
			isa = PBXFrameworksBuildPhase;
			buildActionMask = 2147483647;
			files = (
			);
			runOnlyForDeploymentPostprocessing = 0;
		};
		EBA6EB4619DFA13200ABD725 /* Frameworks */ = {
			isa = PBXFrameworksBuildPhase;
			buildActionMask = 2147483647;
			files = (
			);
			runOnlyForDeploymentPostprocessing = 0;
		};
/* End PBXFrameworksBuildPhase section */

/* Begin PBXGroup section */
		EBA6EB2B19DFA13200ABD725 = {
			isa = PBXGroup;
			children = (
				EBA6EB3619DFA13200ABD725 /* Postcard */,
				EBA6EB4C19DFA13200ABD725 /* PostcardTests */,
				EBA6EB3519DFA13200ABD725 /* Products */,
			);
			sourceTree = "<group>";
		};
		EBA6EB3519DFA13200ABD725 /* Products */ = {
			isa = PBXGroup;
			children = (
				EBA6EB3419DFA13200ABD725 /* Postcard.app */,
				EBA6EB4919DFA13200ABD725 /* PostcardTests.xctest */,
			);
			name = Products;
			sourceTree = "<group>";
		};
		EBA6EB3619DFA13200ABD725 /* Postcard */ = {
			isa = PBXGroup;
			children = (
				EBA6EB3919DFA13200ABD725 /* AppDelegate.swift */,
				EBA6EB3B19DFA13200ABD725 /* ViewController.swift */,
				EBA6EB3D19DFA13200ABD725 /* Main.storyboard */,
				EBA6EB4019DFA13200ABD725 /* Images.xcassets */,
				EBA6EB4219DFA13200ABD725 /* LaunchScreen.xib */,
				EBA6EB3719DFA13200ABD725 /* Supporting Files */,
			);
			path = Postcard;
			sourceTree = "<group>";
		};
		EBA6EB3719DFA13200ABD725 /* Supporting Files */ = {
			isa = PBXGroup;
			children = (
				EBA6EB5D19E09E8900ABD725 /* AlbertEinsteinStamp.jpg */,
				EBA6EB5B19E065B400ABD725 /* SagradaFamilia1080x1920.jpg */,
				EBA6EB5919DFA40300ABD725 /* SagradaFamilia.jpeg */,
				EBA6EB3819DFA13200ABD725 /* Info.plist */,
			);
			name = "Supporting Files";
			sourceTree = "<group>";
		};
		EBA6EB4C19DFA13200ABD725 /* PostcardTests */ = {
			isa = PBXGroup;
			children = (
				EBA6EB4F19DFA13200ABD725 /* PostcardTests.swift */,
				EBA6EB4D19DFA13200ABD725 /* Supporting Files */,
			);
			path = PostcardTests;
			sourceTree = "<group>";
		};
		EBA6EB4D19DFA13200ABD725 /* Supporting Files */ = {
			isa = PBXGroup;
			children = (
				EBA6EB4E19DFA13200ABD725 /* Info.plist */,
			);
			name = "Supporting Files";
			sourceTree = "<group>";
		};
/* End PBXGroup section */

/* Begin PBXNativeTarget section */
		EBA6EB3319DFA13200ABD725 /* Postcard */ = {
			isa = PBXNativeTarget;
			buildConfigurationList = EBA6EB5319DFA13200ABD725 /* Build configuration list for PBXNativeTarget "Postcard" */;
			buildPhases = (
				EBA6EB3019DFA13200ABD725 /* Sources */,
				EBA6EB3119DFA13200ABD725 /* Frameworks */,
				EBA6EB3219DFA13200ABD725 /* Resources */,
			);
			buildRules = (
			);
			dependencies = (
			);
			name = Postcard;
			productName = Postcard;
			productReference = EBA6EB3419DFA13200ABD725 /* Postcard.app */;
			productType = "com.apple.product-type.application";
		};
		EBA6EB4819DFA13200ABD725 /* PostcardTests */ = {
			isa = PBXNativeTarget;
			buildConfigurationList = EBA6EB5619DFA13200ABD725 /* Build configuration list for PBXNativeTarget "PostcardTests" */;
			buildPhases = (
				EBA6EB4519DFA13200ABD725 /* Sources */,
				EBA6EB4619DFA13200ABD725 /* Frameworks */,
				EBA6EB4719DFA13200ABD725 /* Resources */,
			);
			buildRules = (
			);
			dependencies = (
				EBA6EB4B19DFA13200ABD725 /* PBXTargetDependency */,
			);
			name = PostcardTests;
			productName = PostcardTests;
			productReference = EBA6EB4919DFA13200ABD725 /* PostcardTests.xctest */;
			productType = "com.apple.product-type.bundle.unit-test";
		};
/* End PBXNativeTarget section */

/* Begin PBXProject section */
		EBA6EB2C19DFA13200ABD725 /* Project object */ = {
			isa = PBXProject;
			attributes = {
				LastUpgradeCheck = 0600;
				ORGANIZATIONNAME = "Daniel Huynh";
				TargetAttributes = {
					EBA6EB3319DFA13200ABD725 = {
						CreatedOnToolsVersion = 6.0.1;
					};
					EBA6EB4819DFA13200ABD725 = {
						CreatedOnToolsVersion = 6.0.1;
						TestTargetID = EBA6EB3319DFA13200ABD725;
					};
				};
			};
			buildConfigurationList = EBA6EB2F19DFA13200ABD725 /* Build configuration list for PBXProject "Postcard" */;
			compatibilityVersion = "Xcode 3.2";
			developmentRegion = English;
			hasScannedForEncodings = 0;
			knownRegions = (
				en,
				Base,
			);
			mainGroup = EBA6EB2B19DFA13200ABD725;
			productRefGroup = EBA6EB3519DFA13200ABD725 /* Products */;
			projectDirPath = "";
			projectRoot = "";
			targets = (
				EBA6EB3319DFA13200ABD725 /* Postcard */,
				EBA6EB4819DFA13200ABD725 /* PostcardTests */,
			);
		};
/* End PBXProject section */

/* Begin PBXResourcesBuildPhase section */
		EBA6EB3219DFA13200ABD725 /* Resources */ = {
			isa = PBXResourcesBuildPhase;
			buildActionMask = 2147483647;
			files = (
				EBA6EB3F19DFA13200ABD725 /* Main.storyboard in Resources */,
				EBA6EB5A19DFA40300ABD725 /* SagradaFamilia.jpeg in Resources */,
				EBA6EB5C19E065B400ABD725 /* SagradaFamilia1080x1920.jpg in Resources */,
				EBA6EB4419DFA13200ABD725 /* LaunchScreen.xib in Resources */,
				EBA6EB5E19E09E8900ABD725 /* AlbertEinsteinStamp.jpg in Resources */,
				EBA6EB4119DFA13200ABD725 /* Images.xcassets in Resources */,
			);
			runOnlyForDeploymentPostprocessing = 0;
		};
		EBA6EB4719DFA13200ABD725 /* Resources */ = {
			isa = PBXResourcesBuildPhase;
			buildActionMask = 2147483647;
			files = (
			);
			runOnlyForDeploymentPostprocessing = 0;
		};
/* End PBXResourcesBuildPhase section */

/* Begin PBXSourcesBuildPhase section */
		EBA6EB3019DFA13200ABD725 /* Sources */ = {
			isa = PBXSourcesBuildPhase;
			buildActionMask = 2147483647;
			files = (
				EBA6EB3C19DFA13200ABD725 /* ViewController.swift in Sources */,
				EBA6EB3A19DFA13200ABD725 /* AppDelegate.swift in Sources */,
			);
			runOnlyForDeploymentPostprocessing = 0;
		};
		EBA6EB4519DFA13200ABD725 /* Sources */ = {
			isa = PBXSourcesBuildPhase;
			buildActionMask = 2147483647;
			files = (
				EBA6EB5019DFA13200ABD725 /* PostcardTests.swift in Sources */,
			);
			runOnlyForDeploymentPostprocessing = 0;
		};
/* End PBXSourcesBuildPhase section */

/* Begin PBXTargetDependency section */
		EBA6EB4B19DFA13200ABD725 /* PBXTargetDependency */ = {
			isa = PBXTargetDependency;
			target = EBA6EB3319DFA13200ABD725 /* Postcard */;
			targetProxy = EBA6EB4A19DFA13200ABD725 /* PBXContainerItemProxy */;
		};
/* End PBXTargetDependency section */

/* Begin PBXVariantGroup section */
		EBA6EB3D19DFA13200ABD725 /* Main.storyboard */ = {
			isa = PBXVariantGroup;
			children = (
				EBA6EB3E19DFA13200ABD725 /* Base */,
			);
			name = Main.storyboard;
			sourceTree = "<group>";
		};
		EBA6EB4219DFA13200ABD725 /* LaunchScreen.xib */ = {
			isa = PBXVariantGroup;
			children = (
				EBA6EB4319DFA13200ABD725 /* Base */,
			);
			name = LaunchScreen.xib;
			sourceTree = "<group>";
		};
/* End PBXVariantGroup section */

/* Begin XCBuildConfiguration section */
		EBA6EB5119DFA13200ABD725 /* Debug */ = {
			isa = XCBuildConfiguration;
			buildSettings = {
				ALWAYS_SEARCH_USER_PATHS = NO;
				CLANG_CXX_LANGUAGE_STANDARD = "gnu++0x";
				CLANG_CXX_LIBRARY = "libc++";
				CLANG_ENABLE_MODULES = YES;
				CLANG_ENABLE_OBJC_ARC = YES;
				CLANG_WARN_BOOL_CONVERSION = YES;
				CLANG_WARN_CONSTANT_CONVERSION = YES;
				CLANG_WARN_DIRECT_OBJC_ISA_USAGE = YES_ERROR;
				CLANG_WARN_EMPTY_BODY = YES;
				CLANG_WARN_ENUM_CONVERSION = YES;
				CLANG_WARN_INT_CONVERSION = YES;
				CLANG_WARN_OBJC_ROOT_CLASS = YES_ERROR;
				CLANG_WARN_UNREACHABLE_CODE = YES;
				CLANG_WARN__DUPLICATE_METHOD_MATCH = YES;
				"CODE_SIGN_IDENTITY[sdk=iphoneos*]" = "iPhone Developer";
				COPY_PHASE_STRIP = NO;
				ENABLE_STRICT_OBJC_MSGSEND = YES;
				GCC_C_LANGUAGE_STANDARD = gnu99;
				GCC_DYNAMIC_NO_PIC = NO;
				GCC_OPTIMIZATION_LEVEL = 0;
				GCC_PREPROCESSOR_DEFINITIONS = (
					"DEBUG=1",
					"$(inherited)",
				);
				GCC_SYMBOLS_PRIVATE_EXTERN = NO;
				GCC_WARN_64_TO_32_BIT_CONVERSION = YES;
				GCC_WARN_ABOUT_RETURN_TYPE = YES_ERROR;
				GCC_WARN_UNDECLARED_SELECTOR = YES;
				GCC_WARN_UNINITIALIZED_AUTOS = YES_AGGRESSIVE;
				GCC_WARN_UNUSED_FUNCTION = YES;
				GCC_WARN_UNUSED_VARIABLE = YES;
				IPHONEOS_DEPLOYMENT_TARGET = 8.0;
				MTL_ENABLE_DEBUG_INFO = YES;
				ONLY_ACTIVE_ARCH = YES;
				SDKROOT = iphoneos;
				SWIFT_OPTIMIZATION_LEVEL = "-Onone";
				TARGETED_DEVICE_FAMILY = "1,2";
			};
			name = Debug;
		};
		EBA6EB5219DFA13200ABD725 /* Release */ = {
			isa = XCBuildConfiguration;
			buildSettings = {
				ALWAYS_SEARCH_USER_PATHS = NO;
				CLANG_CXX_LANGUAGE_STANDARD = "gnu++0x";
				CLANG_CXX_LIBRARY = "libc++";
				CLANG_ENABLE_MODULES = YES;
				CLANG_ENABLE_OBJC_ARC = YES;
				CLANG_WARN_BOOL_CONVERSION = YES;
				CLANG_WARN_CONSTANT_CONVERSION = YES;
				CLANG_WARN_DIRECT_OBJC_ISA_USAGE = YES_ERROR;
				CLANG_WARN_EMPTY_BODY = YES;
				CLANG_WARN_ENUM_CONVERSION = YES;
				CLANG_WARN_INT_CONVERSION = YES;
				CLANG_WARN_OBJC_ROOT_CLASS = YES_ERROR;
				CLANG_WARN_UNREACHABLE_CODE = YES;
				CLANG_WARN__DUPLICATE_METHOD_MATCH = YES;
				"CODE_SIGN_IDENTITY[sdk=iphoneos*]" = "iPhone Developer";
				COPY_PHASE_STRIP = YES;
				ENABLE_NS_ASSERTIONS = NO;
				ENABLE_STRICT_OBJC_MSGSEND = YES;
				GCC_C_LANGUAGE_STANDARD = gnu99;
				GCC_WARN_64_TO_32_BIT_CONVERSION = YES;
				GCC_WARN_ABOUT_RETURN_TYPE = YES_ERROR;
				GCC_WARN_UNDECLARED_SELECTOR = YES;
				GCC_WARN_UNINITIALIZED_AUTOS = YES_AGGRESSIVE;
				GCC_WARN_UNUSED_FUNCTION = YES;
				GCC_WARN_UNUSED_VARIABLE = YES;
				IPHONEOS_DEPLOYMENT_TARGET = 8.0;
				MTL_ENABLE_DEBUG_INFO = NO;
				SDKROOT = iphoneos;
				TARGETED_DEVICE_FAMILY = "1,2";
				VALIDATE_PRODUCT = YES;
			};
			name = Release;
		};
		EBA6EB5419DFA13200ABD725 /* Debug */ = {
			isa = XCBuildConfiguration;
			buildSettings = {
				ASSETCATALOG_COMPILER_APPICON_NAME = AppIcon;
				INFOPLIST_FILE = Postcard/Info.plist;
				LD_RUNPATH_SEARCH_PATHS = "$(inherited) @executable_path/Frameworks";
				PRODUCT_NAME = "$(TARGET_NAME)";
			};
			name = Debug;
		};
		EBA6EB5519DFA13200ABD725 /* Release */ = {
			isa = XCBuildConfiguration;
			buildSettings = {
				ASSETCATALOG_COMPILER_APPICON_NAME = AppIcon;
				INFOPLIST_FILE = Postcard/Info.plist;
				LD_RUNPATH_SEARCH_PATHS = "$(inherited) @executable_path/Frameworks";
				PRODUCT_NAME = "$(TARGET_NAME)";
			};
			name = Release;
		};
		EBA6EB5719DFA13200ABD725 /* Debug */ = {
			isa = XCBuildConfiguration;
			buildSettings = {
				BUNDLE_LOADER = "$(TEST_HOST)";
				FRAMEWORK_SEARCH_PATHS = (
					"$(SDKROOT)/Developer/Library/Frameworks",
					"$(inherited)",
				);
				GCC_PREPROCESSOR_DEFINITIONS = (
					"DEBUG=1",
					"$(inherited)",
				);
				INFOPLIST_FILE = PostcardTests/Info.plist;
				LD_RUNPATH_SEARCH_PATHS = "$(inherited) @executable_path/Frameworks @loader_path/Frameworks";
				PRODUCT_NAME = "$(TARGET_NAME)";
				TEST_HOST = "$(BUILT_PRODUCTS_DIR)/Postcard.app/Postcard";
			};
			name = Debug;
		};
		EBA6EB5819DFA13200ABD725 /* Release */ = {
			isa = XCBuildConfiguration;
			buildSettings = {
				BUNDLE_LOADER = "$(TEST_HOST)";
				FRAMEWORK_SEARCH_PATHS = (
					"$(SDKROOT)/Developer/Library/Frameworks",
					"$(inherited)",
				);
				INFOPLIST_FILE = PostcardTests/Info.plist;
				LD_RUNPATH_SEARCH_PATHS = "$(inherited) @executable_path/Frameworks @loader_path/Frameworks";
				PRODUCT_NAME = "$(TARGET_NAME)";
				TEST_HOST = "$(BUILT_PRODUCTS_DIR)/Postcard.app/Postcard";
			};
			name = Release;
		};
/* End XCBuildConfiguration section */

/* Begin XCConfigurationList section */
		EBA6EB2F19DFA13200ABD725 /* Build configuration list for PBXProject "Postcard" */ = {
			isa = XCConfigurationList;
			buildConfigurations = (
				EBA6EB5119DFA13200ABD725 /* Debug */,
				EBA6EB5219DFA13200ABD725 /* Release */,
			);
			defaultConfigurationIsVisible = 0;
			defaultConfigurationName = Release;
		};
		EBA6EB5319DFA13200ABD725 /* Build configuration list for PBXNativeTarget "Postcard" */ = {
			isa = XCConfigurationList;
			buildConfigurations = (
				EBA6EB5419DFA13200ABD725 /* Debug */,
				EBA6EB5519DFA13200ABD725 /* Release */,
			);
			defaultConfigurationIsVisible = 0;
		};
		EBA6EB5619DFA13200ABD725 /* Build configuration list for PBXNativeTarget "PostcardTests" */ = {
			isa = XCConfigurationList;
			buildConfigurations = (
				EBA6EB5719DFA13200ABD725 /* Debug */,
				EBA6EB5819DFA13200ABD725 /* Release */,
			);
			defaultConfigurationIsVisible = 0;
		};
/* End XCConfigurationList section */
	};
	rootObject = EBA6EB2C19DFA13200ABD725 /* Project object */;
}
